
Microsoft Visual Studio Solution File, Format Version 12.00
# Visual Studio Version 16
VisualStudioVersion = 16.0.29613.14
MinimumVisualStudioVersion = 10.0.40219.1
Project("{FAE04EC0-301F-11D3-BF4B-00C04F79EFBC}") = "OnlineApplication", "OnlineApplication.csproj", "{7EFE58D2-D846-498D-AE87-ABAF6A430881}"
EndProject
Global
	GlobalSection(SolutionConfigurationPlatforms) = preSolution
		Debug|Any CPU = Debug|Any CPU
		Release|Any CPU = Release|Any CPU
	EndGlobalSection
	GlobalSection(ProjectConfigurationPlatforms) = postSolution
		{7EFE58D2-D846-498D-AE87-ABAF6A430881}.Debug|Any CPU.ActiveCfg = Debug|Any CPU
		{7EFE58D2-D846-498D-AE87-ABAF6A430881}.Debug|Any CPU.Build.0 = Debug|Any CPU
		{7EFE58D2-D846-498D-AE87-ABAF6A430881}.Release|Any CPU.ActiveCfg = Release|Any CPU
		{7EFE58D2-D846-498D-AE87-ABAF6A430881}.Release|Any CPU.Build.0 = Release|Any CPU
	EndGlobalSection
	GlobalSection(SolutionProperties) = preSolution
		HideSolutionNode = FALSE
	EndGlobalSection
	GlobalSection(ExtensibilityGlobals) = postSolution
		SolutionGuid = {596DA69C-9F8C-4BE8-A9E0-64613A58B50A}
	EndGlobalSection
EndGlobal
